
Microsoft Visual Studio Solution File, Format Version 12.00
# Visual Studio Version 17
VisualStudioVersion = 17.0.31903.59
MinimumVisualStudioVersion = 10.0.40219.1
Project("{2150E333-8FDC-42A3-9474-1A3956D46DE8}") = "src", "src", "{827E0CD3-B72D-47B6-A68D-7590B98EB39B}"
EndProject
Project("{FAE04EC0-301F-11D3-BF4B-00C04F79EFBC}") = "Agent.Core", "src\Agent.Core\Agent.Core.csproj", "{E8E6080E-FE05-4C06-AE1F-E2A56839A0A9}"
EndProject
Project("{FAE04EC0-301F-11D3-BF4B-00C04F79EFBC}") = "Agent.Workspace", "src\Agent.Workspace\Agent.Workspace.csproj", "{12B9289B-C838-4B73-9AA5-AC0548728519}"
EndProject
Project("{FAE04EC0-301F-11D3-BF4B-00C04F79EFBC}") = "Agent.Tools", "src\Agent.Tools\Agent.Tools.csproj", "{7521CE23-A7D8-4D88-9E8A-0E3A85CAFBEB}"
EndProject
Project("{FAE04EC0-301F-11D3-BF4B-00C04F79EFBC}") = "Agent.Llm.Anthropic", "src\Agent.Llm.Anthropic\Agent.Llm.Anthropic.csproj", "{AC539D81-FB5F-4564-B9DF-669EBF68A420}"
EndProject
Project("{FAE04EC0-301F-11D3-BF4B-00C04F79EFBC}") = "Agent.Llm.OpenAI", "src\Agent.Llm.OpenAI\Agent.Llm.OpenAI.csproj", "{C893B159-2AC0-4472-872C-C8D4B88B0F85}"
EndProject
Project("{FAE04EC0-301F-11D3-BF4B-00C04F79EFBC}") = "Agent.Logging", "src\Agent.Logging\Agent.Logging.csproj", "{C525ACA9-B283-460B-98A6-D40D02339917}"
EndProject
Project("{FAE04EC0-301F-11D3-BF4B-00C04F79EFBC}") = "Agent.Cli", "src\Agent.Cli\Agent.Cli.csproj", "{706445FD-286F-4F5E-9633-0F3C5A50A550}"
EndProject
Project("{FAE04EC0-301F-11D3-BF4B-00C04F79EFBC}") = "Agent.Core.Tests", "tests\Agent.Core.Tests\Agent.Core.Tests.csproj", "{A9C78B72-0202-4BD5-9202-41AF6C79F354}"
EndProject
Project("{FAE04EC0-301F-11D3-BF4B-00C04F79EFBC}") = "Agent.Tools.Tests", "tests\Agent.Tools.Tests\Agent.Tools.Tests.csproj", "{060325D0-92EC-447E-BDE1-91690A903B7D}"
EndProject
Global
	GlobalSection(SolutionConfigurationPlatforms) = preSolution
		Debug|Any CPU = Debug|Any CPU
		Debug|x64 = Debug|x64
		Debug|x86 = Debug|x86
		Release|Any CPU = Release|Any CPU
		Release|x64 = Release|x64
		Release|x86 = Release|x86
	EndGlobalSection
	GlobalSection(ProjectConfigurationPlatforms) = postSolution
		{E8E6080E-FE05-4C06-AE1F-E2A56839A0A9}.Debug|Any CPU.ActiveCfg = Debug|Any CPU
		{E8E6080E-FE05-4C06-AE1F-E2A56839A0A9}.Debug|Any CPU.Build.0 = Debug|Any CPU
		{E8E6080E-FE05-4C06-AE1F-E2A56839A0A9}.Debug|x64.ActiveCfg = Debug|Any CPU
		{E8E6080E-FE05-4C06-AE1F-E2A56839A0A9}.Debug|x64.Build.0 = Debug|Any CPU
		{E8E6080E-FE05-4C06-AE1F-E2A56839A0A9}.Debug|x86.ActiveCfg = Debug|Any CPU
		{E8E6080E-FE05-4C06-AE1F-E2A56839A0A9}.Debug|x86.Build.0 = Debug|Any CPU
		{E8E6080E-FE05-4C06-AE1F-E2A56839A0A9}.Release|Any CPU.ActiveCfg = Release|Any CPU
		{E8E6080E-FE05-4C06-AE1F-E2A56839A0A9}.Release|Any CPU.Build.0 = Release|Any CPU
		{E8E6080E-FE05-4C06-AE1F-E2A56839A0A9}.Release|x64.ActiveCfg = Release|Any CPU
		{E8E6080E-FE05-4C06-AE1F-E2A56839A0A9}.Release|x64.Build.0 = Release|Any CPU
		{E8E6080E-FE05-4C06-AE1F-E2A56839A0A9}.Release|x86.ActiveCfg = Release|Any CPU
		{E8E6080E-FE05-4C06-AE1F-E2A56839A0A9}.Release|x86.Build.0 = Release|Any CPU
		{12B9289B-C838-4B73-9AA5-AC0548728519}.Debug|Any CPU.ActiveCfg = Debug|Any CPU
		{12B9289B-C838-4B73-9AA5-AC0548728519}.Debug|Any CPU.Build.0 = Debug|Any CPU
		{12B9289B-C838-4B73-9AA5-AC0548728519}.Debug|x64.ActiveCfg = Debug|Any CPU
		{12B9289B-C838-4B73-9AA5-AC0548728519}.Debug|x64.Build.0 = Debug|Any CPU
		{12B9289B-C838-4B73-9AA5-AC0548728519}.Debug|x86.ActiveCfg = Debug|Any CPU
		{12B9289B-C838-4B73-9AA5-AC0548728519}.Debug|x86.Build.0 = Debug|Any CPU
		{12B9289B-C838-4B73-9AA5-AC0548728519}.Release|Any CPU.ActiveCfg = Release|Any CPU
		{12B9289B-C838-4B73-9AA5-AC0548728519}.Release|Any CPU.Build.0 = Release|Any CPU
		{12B9289B-C838-4B73-9AA5-AC0548728519}.Release|x64.ActiveCfg = Release|Any CPU
		{12B9289B-C838-4B73-9AA5-AC0548728519}.Release|x64.Build.0 = Release|Any CPU
		{12B9289B-C838-4B73-9AA5-AC0548728519}.Release|x86.ActiveCfg = Release|Any CPU
		{12B9289B-C838-4B73-9AA5-AC0548728519}.Release|x86.Build.0 = Release|Any CPU
		{7521CE23-A7D8-4D88-9E8A-0E3A85CAFBEB}.Debug|Any CPU.ActiveCfg = Debug|Any CPU
		{7521CE23-A7D8-4D88-9E8A-0E3A85CAFBEB}.Debug|Any CPU.Build.0 = Debug|Any CPU
		{7521CE23-A7D8-4D88-9E8A-0E3A85CAFBEB}.Debug|x64.ActiveCfg = Debug|Any CPU
		{7521CE23-A7D8-4D88-9E8A-0E3A85CAFBEB}.Debug|x64.Build.0 = Debug|Any CPU
		{7521CE23-A7D8-4D88-9E8A-0E3A85CAFBEB}.Debug|x86.ActiveCfg = Debug|Any CPU
		{7521CE23-A7D8-4D88-9E8A-0E3A85CAFBEB}.Debug|x86.Build.0 = Debug|Any CPU
		{7521CE23-A7D8-4D88-9E8A-0E3A85CAFBEB}.Release|Any CPU.ActiveCfg = Release|Any CPU
		{7521CE23-A7D8-4D88-9E8A-0E3A85CAFBEB}.Release|Any CPU.Build.0 = Release|Any CPU
		{7521CE23-A7D8-4D88-9E8A-0E3A85CAFBEB}.Release|x64.ActiveCfg = Release|Any CPU
		{7521CE23-A7D8-4D88-9E8A-0E3A85CAFBEB}.Release|x64.Build.0 = Release|Any CPU
		{7521CE23-A7D8-4D88-9E8A-0E3A85CAFBEB}.Release|x86.ActiveCfg = Release|Any CPU
		{7521CE23-A7D8-4D88-9E8A-0E3A85CAFBEB}.Release|x86.Build.0 = Release|Any CPU
		{AC539D81-FB5F-4564-B9DF-669EBF68A420}.Debug|Any CPU.ActiveCfg = Debug|Any CPU
		{AC539D81-FB5F-4564-B9DF-669EBF68A420}.Debug|Any CPU.Build.0 = Debug|Any CPU
		{AC539D81-FB5F-4564-B9DF-669EBF68A420}.Debug|x64.ActiveCfg = Debug|Any CPU
		{AC539D81-FB5F-4564-B9DF-669EBF68A420}.Debug|x64.Build.0 = Debug|Any CPU
		{AC539D81-FB5F-4564-B9DF-669EBF68A420}.Debug|x86.ActiveCfg = Debug|Any CPU
		{AC539D81-FB5F-4564-B9DF-669EBF68A420}.Debug|x86.Build.0 = Debug|Any CPU
		{AC539D81-FB5F-4564-B9DF-669EBF68A420}.Release|Any CPU.ActiveCfg = Release|Any CPU
		{AC539D81-FB5F-4564-B9DF-669EBF68A420}.Release|Any CPU.Build.0 = Release|Any CPU
		{AC539D81-FB5F-4564-B9DF-669EBF68A420}.Release|x64.ActiveCfg = Release|Any CPU
		{AC539D81-FB5F-4564-B9DF-669EBF68A420}.Release|x64.Build.0 = Release|Any CPU
		{AC539D81-FB5F-4564-B9DF-669EBF68A420}.Release|x86.ActiveCfg = Release|Any CPU
		{AC539D81-FB5F-4564-B9DF-669EBF68A420}.Release|x86.Build.0 = Release|Any CPU
		{C893B159-2AC0-4472-872C-C8D4B88B0F85}.Debug|Any CPU.ActiveCfg = Debug|Any CPU
		{C893B159-2AC0-4472-872C-C8D4B88B0F85}.Debug|Any CPU.Build.0 = Debug|Any CPU
		{C893B159-2AC0-4472-872C-C8D4B88B0F85}.Debug|x64.ActiveCfg = Debug|Any CPU
		{C893B159-2AC0-4472-872C-C8D4B88B0F85}.Debug|x64.Build.0 = Debug|Any CPU
		{C893B159-2AC0-4472-872C-C8D4B88B0F85}.Debug|x86.ActiveCfg = Debug|Any CPU
		{C893B159-2AC0-4472-872C-C8D4B88B0F85}.Debug|x86.Build.0 = Debug|Any CPU
		{C893B159-2AC0-4472-872C-C8D4B88B0F85}.Release|Any CPU.ActiveCfg = Release|Any CPU
		{C893B159-2AC0-4472-872C-C8D4B88B0F85}.Release|Any CPU.Build.0 = Release|Any CPU
		{C893B159-2AC0-4472-872C-C8D4B88B0F85}.Release|x64.ActiveCfg = Release|Any CPU
		{C893B159-2AC0-4472-872C-C8D4B88B0F85}.Release|x64.Build.0 = Release|Any CPU
		{C893B159-2AC0-4472-872C-C8D4B88B0F85}.Release|x86.ActiveCfg = Release|Any CPU
		{C893B159-2AC0-4472-872C-C8D4B88B0F85}.Release|x86.Build.0 = Release|Any CPU
		{C525ACA9-B283-460B-98A6-D40D02339917}.Debug|Any CPU.ActiveCfg = Debug|Any CPU
		{C525ACA9-B283-460B-98A6-D40D02339917}.Debug|Any CPU.Build.0 = Debug|Any CPU
		{C525ACA9-B283-460B-98A6-D40D02339917}.Debug|x64.ActiveCfg = Debug|Any CPU
		{C525ACA9-B283-460B-98A6-D40D02339917}.Debug|x64.Build.0 = Debug|Any CPU
		{C525ACA9-B283-460B-98A6-D40D02339917}.Debug|x86.ActiveCfg = Debug|Any CPU
		{C525ACA9-B283-460B-98A6-D40D02339917}.Debug|x86.Build.0 = Debug|Any CPU
		{C525ACA9-B283-460B-98A6-D40D02339917}.Release|Any CPU.ActiveCfg = Release|Any CPU
		{C525ACA9-B283-460B-98A6-D40D02339917}.Release|Any CPU.Build.0 = Release|Any CPU
		{C525ACA9-B283-460B-98A6-D40D02339917}.Release|x64.ActiveCfg = Release|Any CPU
		{C525ACA9-B283-460B-98A6-D40D02339917}.Release|x64.Build.0 = Release|Any CPU
		{C525ACA9-B283-460B-98A6-D40D02339917}.Release|x86.ActiveCfg = Release|Any CPU
		{C525ACA9-B283-460B-98A6-D40D02339917}.Release|x86.Build.0 = Release|Any CPU
		{706445FD-286F-4F5E-9633-0F3C5A50A550}.Debug|Any CPU.ActiveCfg = Debug|Any CPU
		{706445FD-286F-4F5E-9633-0F3C5A50A550}.Debug|Any CPU.Build.0 = Debug|Any CPU
		{706445FD-286F-4F5E-9633-0F3C5A50A550}.Debug|x64.ActiveCfg = Debug|Any CPU
		{706445FD-286F-4F5E-9633-0F3C5A50A550}.Debug|x64.Build.0 = Debug|Any CPU
		{706445FD-286F-4F5E-9633-0F3C5A50A550}.Debug|x86.ActiveCfg = Debug|Any CPU
		{706445FD-286F-4F5E-9633-0F3C5A50A550}.Debug|x86.Build.0 = Debug|Any CPU
		{706445FD-286F-4F5E-9633-0F3C5A50A550}.Release|Any CPU.ActiveCfg = Release|Any CPU
		{706445FD-286F-4F5E-9633-0F3C5A50A550}.Release|Any CPU.Build.0 = Release|Any CPU
		{706445FD-286F-4F5E-9633-0F3C5A50A550}.Release|x64.ActiveCfg = Release|Any CPU
		{706445FD-286F-4F5E-9633-0F3C5A50A550}.Release|x64.Build.0 = Release|Any CPU
		{706445FD-286F-4F5E-9633-0F3C5A50A550}.Release|x86.ActiveCfg = Release|Any CPU
		{706445FD-286F-4F5E-9633-0F3C5A50A550}.Release|x86.Build.0 = Release|Any CPU
		{A9C78B72-0202-4BD5-9202-41AF6C79F354}.Debug|Any CPU.ActiveCfg = Debug|Any CPU
		{A9C78B72-0202-4BD5-9202-41AF6C79F354}.Debug|Any CPU.Build.0 = Debug|Any CPU
		{A9C78B72-0202-4BD5-9202-41AF6C79F354}.Debug|x64.ActiveCfg = Debug|Any CPU
		{A9C78B72-0202-4BD5-9202-41AF6C79F354}.Debug|x64.Build.0 = Debug|Any CPU
		{A9C78B72-0202-4BD5-9202-41AF6C79F354}.Debug|x86.ActiveCfg = Debug|Any CPU
		{A9C78B72-0202-4BD5-9202-41AF6C79F354}.Debug|x86.Build.0 = Debug|Any CPU
		{A9C78B72-0202-4BD5-9202-41AF6C79F354}.Release|Any CPU.ActiveCfg = Release|Any CPU
		{A9C78B72-0202-4BD5-9202-41AF6C79F354}.Release|Any CPU.Build.0 = Release|Any CPU
		{A9C78B72-0202-4BD5-9202-41AF6C79F354}.Release|x64.ActiveCfg = Release|Any CPU
		{A9C78B72-0202-4BD5-9202-41AF6C79F354}.Release|x64.Build.0 = Release|Any CPU
		{A9C78B72-0202-4BD5-9202-41AF6C79F354}.Release|x86.ActiveCfg = Release|Any CPU
		{A9C78B72-0202-4BD5-9202-41AF6C79F354}.Release|x86.Build.0 = Release|Any CPU
		{060325D0-92EC-447E-BDE1-91690A903B7D}.Debug|Any CPU.ActiveCfg = Debug|Any CPU
		{060325D0-92EC-447E-BDE1-91690A903B7D}.Debug|Any CPU.Build.0 = Debug|Any CPU
		{060325D0-92EC-447E-BDE1-91690A903B7D}.Debug|x64.ActiveCfg = Debug|Any CPU
		{060325D0-92EC-447E-BDE1-91690A903B7D}.Debug|x64.Build.0 = Debug|Any CPU
		{060325D0-92EC-447E-BDE1-91690A903B7D}.Debug|x86.ActiveCfg = Debug|Any CPU
		{060325D0-92EC-447E-BDE1-91690A903B7D}.Debug|x86.Build.0 = Debug|Any CPU
		{060325D0-92EC-447E-BDE1-91690A903B7D}.Release|Any CPU.ActiveCfg = Release|Any CPU
		{060325D0-92EC-447E-BDE1-91690A903B7D}.Release|Any CPU.Build.0 = Release|Any CPU
		{060325D0-92EC-447E-BDE1-91690A903B7D}.Release|x64.ActiveCfg = Release|Any CPU
		{060325D0-92EC-447E-BDE1-91690A903B7D}.Release|x64.Build.0 = Release|Any CPU
		{060325D0-92EC-447E-BDE1-91690A903B7D}.Release|x86.ActiveCfg = Release|Any CPU
		{060325D0-92EC-447E-BDE1-91690A903B7D}.Release|x86.Build.0 = Release|Any CPU
	EndGlobalSection
	GlobalSection(SolutionProperties) = preSolution
		HideSolutionNode = FALSE
	EndGlobalSection
	GlobalSection(NestedProjects) = preSolution
		{E8E6080E-FE05-4C06-AE1F-E2A56839A0A9} = {827E0CD3-B72D-47B6-A68D-7590B98EB39B}
		{12B9289B-C838-4B73-9AA5-AC0548728519} = {827E0CD3-B72D-47B6-A68D-7590B98EB39B}
		{7521CE23-A7D8-4D88-9E8A-0E3A85CAFBEB} = {827E0CD3-B72D-47B6-A68D-7590B98EB39B}
		{AC539D81-FB5F-4564-B9DF-669EBF68A420} = {827E0CD3-B72D-47B6-A68D-7590B98EB39B}
		{C893B159-2AC0-4472-872C-C8D4B88B0F85} = {827E0CD3-B72D-47B6-A68D-7590B98EB39B}
		{C525ACA9-B283-460B-98A6-D40D02339917} = {827E0CD3-B72D-47B6-A68D-7590B98EB39B}
		{706445FD-286F-4F5E-9633-0F3C5A50A550} = {827E0CD3-B72D-47B6-A68D-7590B98EB39B}
		{A9C78B72-0202-4BD5-9202-41AF6C79F354} = {827E0CD3-B72D-47B6-A68D-7590B98EB39B}
		{060325D0-92EC-447E-BDE1-91690A903B7D} = {827E0CD3-B72D-47B6-A68D-7590B98EB39B}
	EndGlobalSection
EndGlobal
